// !$*UTF8*$!
{
	archiveVersion = 1;
	classes = {
	};
	objectVersion = 46;
	objects = {

/* Begin PBXBuildFile section */
		70C75C7C15DCC1D3006A60DD /* QuartzCore.framework in Frameworks */ = {isa = PBXBuildFile; fileRef = 70C75C7B15DCC1D3006A60DD /* QuartzCore.framework */; };
		70C75C8015DCC4BB006A60DD /* ExtendedLabel.m in Sources */ = {isa = PBXBuildFile; fileRef = 70C75C7F15DCC4BB006A60DD /* ExtendedLabel.m */; settings = {COMPILER_FLAGS = "-fno-objc-arc"; }; };
		70C75C8415DCDA08006A60DD /* CaptionPreview.m in Sources */ = {isa = PBXBuildFile; fileRef = 70C75C8215DCDA08006A60DD /* CaptionPreview.m */; };
		70C75C8515DCDA08006A60DD /* CaptionPreview.xib in Resources */ = {isa = PBXBuildFile; fileRef = 70C75C8315DCDA08006A60DD /* CaptionPreview.xib */; };
		70C75C8915DCDFDE006A60DD /* CaptionListController.m in Sources */ = {isa = PBXBuildFile; fileRef = 70C75C8715DCDFDE006A60DD /* CaptionListController.m */; };
		70C75C8A15DCDFDE006A60DD /* CaptionListController.xib in Resources */ = {isa = PBXBuildFile; fileRef = 70C75C8815DCDFDE006A60DD /* CaptionListController.xib */; };
		70E569CF15D836FB00B48AB9 /* UIKit.framework in Frameworks */ = {isa = PBXBuildFile; fileRef = 70E569CE15D836FB00B48AB9 /* UIKit.framework */; };
		70E569D115D836FB00B48AB9 /* Foundation.framework in Frameworks */ = {isa = PBXBuildFile; fileRef = 70E569D015D836FB00B48AB9 /* Foundation.framework */; };
		70E569D315D836FB00B48AB9 /* CoreGraphics.framework in Frameworks */ = {isa = PBXBuildFile; fileRef = 70E569D215D836FB00B48AB9 /* CoreGraphics.framework */; };
		70E569D915D836FB00B48AB9 /* InfoPlist.strings in Resources */ = {isa = PBXBuildFile; fileRef = 70E569D715D836FB00B48AB9 /* InfoPlist.strings */; };
		70E569DB15D836FB00B48AB9 /* main.m in Sources */ = {isa = PBXBuildFile; fileRef = 70E569DA15D836FB00B48AB9 /* main.m */; };
		70E569DF15D836FB00B48AB9 /* AppDelegate.m in Sources */ = {isa = PBXBuildFile; fileRef = 70E569DE15D836FB00B48AB9 /* AppDelegate.m */; };
		70E569E215D836FB00B48AB9 /* MainStoryboard_iPhone.storyboard in Resources */ = {isa = PBXBuildFile; fileRef = 70E569E015D836FB00B48AB9 /* MainStoryboard_iPhone.storyboard */; };
		70E569E515D836FB00B48AB9 /* MainStoryboard_iPad.storyboard in Resources */ = {isa = PBXBuildFile; fileRef = 70E569E315D836FB00B48AB9 /* MainStoryboard_iPad.storyboard */; };
		70E569E815D836FB00B48AB9 /* ViewController.m in Sources */ = {isa = PBXBuildFile; fileRef = 70E569E715D836FB00B48AB9 /* ViewController.m */; };
		70E569F015D836FB00B48AB9 /* SenTestingKit.framework in Frameworks */ = {isa = PBXBuildFile; fileRef = 70E569EF15D836FB00B48AB9 /* SenTestingKit.framework */; };
		70E569F115D836FB00B48AB9 /* UIKit.framework in Frameworks */ = {isa = PBXBuildFile; fileRef = 70E569CE15D836FB00B48AB9 /* UIKit.framework */; };
		70E569F215D836FB00B48AB9 /* Foundation.framework in Frameworks */ = {isa = PBXBuildFile; fileRef = 70E569D015D836FB00B48AB9 /* Foundation.framework */; };
		70E569FA15D836FC00B48AB9 /* InfoPlist.strings in Resources */ = {isa = PBXBuildFile; fileRef = 70E569F815D836FC00B48AB9 /* InfoPlist.strings */; };
		70E569FD15D836FC00B48AB9 /* CaptionatorTests.m in Sources */ = {isa = PBXBuildFile; fileRef = 70E569FC15D836FC00B48AB9 /* CaptionatorTests.m */; };
/* End PBXBuildFile section */

/* Begin PBXContainerItemProxy section */
		70E569F315D836FB00B48AB9 /* PBXContainerItemProxy */ = {
			isa = PBXContainerItemProxy;
			containerPortal = 70E569C115D836FB00B48AB9 /* Project object */;
			proxyType = 1;
			remoteGlobalIDString = 70E569C915D836FB00B48AB9;
			remoteInfo = Captionator;
		};
/* End PBXContainerItemProxy section */

/* Begin PBXFileReference section */
		70C75C7B15DCC1D3006A60DD /* QuartzCore.framework */ = {isa = PBXFileReference; lastKnownFileType = wrapper.framework; name = QuartzCore.framework; path = System/Library/Frameworks/QuartzCore.framework; sourceTree = SDKROOT; };
		70C75C7E15DCC4BB006A60DD /* ExtendedLabel.h */ = {isa = PBXFileReference; fileEncoding = 4; lastKnownFileType = sourcecode.c.h; path = ExtendedLabel.h; sourceTree = "<group>"; };
		70C75C7F15DCC4BB006A60DD /* ExtendedLabel.m */ = {isa = PBXFileReference; fileEncoding = 4; lastKnownFileType = sourcecode.c.objc; path = ExtendedLabel.m; sourceTree = "<group>"; };
		70C75C8115DCDA08006A60DD /* CaptionPreview.h */ = {isa = PBXFileReference; fileEncoding = 4; lastKnownFileType = sourcecode.c.h; path = CaptionPreview.h; sourceTree = "<group>"; };
		70C75C8215DCDA08006A60DD /* CaptionPreview.m */ = {isa = PBXFileReference; fileEncoding = 4; lastKnownFileType = sourcecode.c.objc; path = CaptionPreview.m; sourceTree = "<group>"; };
		70C75C8315DCDA08006A60DD /* CaptionPreview.xib */ = {isa = PBXFileReference; fileEncoding = 4; lastKnownFileType = file.xib; path = CaptionPreview.xib; sourceTree = "<group>"; };
		70C75C8615DCDFDE006A60DD /* CaptionListController.h */ = {isa = PBXFileReference; fileEncoding = 4; lastKnownFileType = sourcecode.c.h; path = CaptionListController.h; sourceTree = "<group>"; };
		70C75C8715DCDFDE006A60DD /* CaptionListController.m */ = {isa = PBXFileReference; fileEncoding = 4; lastKnownFileType = sourcecode.c.objc; path = CaptionListController.m; sourceTree = "<group>"; };
		70C75C8815DCDFDE006A60DD /* CaptionListController.xib */ = {isa = PBXFileReference; fileEncoding = 4; lastKnownFileType = file.xib; path = CaptionListController.xib; sourceTree = "<group>"; };
		70E569CA15D836FB00B48AB9 /* Captionator.app */ = {isa = PBXFileReference; explicitFileType = wrapper.application; includeInIndex = 0; path = Captionator.app; sourceTree = BUILT_PRODUCTS_DIR; };
		70E569CE15D836FB00B48AB9 /* UIKit.framework */ = {isa = PBXFileReference; lastKnownFileType = wrapper.framework; name = UIKit.framework; path = System/Library/Frameworks/UIKit.framework; sourceTree = SDKROOT; };
		70E569D015D836FB00B48AB9 /* Foundation.framework */ = {isa = PBXFileReference; lastKnownFileType = wrapper.framework; name = Foundation.framework; path = System/Library/Frameworks/Foundation.framework; sourceTree = SDKROOT; };
		70E569D215D836FB00B48AB9 /* CoreGraphics.framework */ = {isa = PBXFileReference; lastKnownFileType = wrapper.framework; name = CoreGraphics.framework; path = System/Library/Frameworks/CoreGraphics.framework; sourceTree = SDKROOT; };
		70E569D615D836FB00B48AB9 /* Captionator-Info.plist */ = {isa = PBXFileReference; lastKnownFileType = text.plist.xml; path = "Captionator-Info.plist"; sourceTree = "<group>"; };
		70E569D815D836FB00B48AB9 /* en */ = {isa = PBXFileReference; lastKnownFileType = text.plist.strings; name = en; path = en.lproj/InfoPlist.strings; sourceTree = "<group>"; };
		70E569DA15D836FB00B48AB9 /* main.m */ = {isa = PBXFileReference; lastKnownFileType = sourcecode.c.objc; path = main.m; sourceTree = "<group>"; };
		70E569DC15D836FB00B48AB9 /* Captionator-Prefix.pch */ = {isa = PBXFileReference; lastKnownFileType = sourcecode.c.h; path = "Captionator-Prefix.pch"; sourceTree = "<group>"; };
		70E569DD15D836FB00B48AB9 /* AppDelegate.h */ = {isa = PBXFileReference; lastKnownFileType = sourcecode.c.h; path = AppDelegate.h; sourceTree = "<group>"; };
		70E569DE15D836FB00B48AB9 /* AppDelegate.m */ = {isa = PBXFileReference; lastKnownFileType = sourcecode.c.objc; path = AppDelegate.m; sourceTree = "<group>"; };
		70E569E115D836FB00B48AB9 /* en */ = {isa = PBXFileReference; lastKnownFileType = file.storyboard; name = en; path = en.lproj/MainStoryboard_iPhone.storyboard; sourceTree = "<group>"; };
		70E569E415D836FB00B48AB9 /* en */ = {isa = PBXFileReference; lastKnownFileType = file.storyboard; name = en; path = en.lproj/MainStoryboard_iPad.storyboard; sourceTree = "<group>"; };
		70E569E615D836FB00B48AB9 /* ViewController.h */ = {isa = PBXFileReference; lastKnownFileType = sourcecode.c.h; path = ViewController.h; sourceTree = "<group>"; };
		70E569E715D836FB00B48AB9 /* ViewController.m */ = {isa = PBXFileReference; lastKnownFileType = sourcecode.c.objc; path = ViewController.m; sourceTree = "<group>"; };
		70E569EE15D836FB00B48AB9 /* CaptionatorTests.octest */ = {isa = PBXFileReference; explicitFileType = wrapper.cfbundle; includeInIndex = 0; path = CaptionatorTests.octest; sourceTree = BUILT_PRODUCTS_DIR; };
		70E569EF15D836FB00B48AB9 /* SenTestingKit.framework */ = {isa = PBXFileReference; lastKnownFileType = wrapper.framework; name = SenTestingKit.framework; path = Library/Frameworks/SenTestingKit.framework; sourceTree = DEVELOPER_DIR; };
		70E569F715D836FC00B48AB9 /* CaptionatorTests-Info.plist */ = {isa = PBXFileReference; lastKnownFileType = text.plist.xml; path = "CaptionatorTests-Info.plist"; sourceTree = "<group>"; };
		70E569F915D836FC00B48AB9 /* en */ = {isa = PBXFileReference; lastKnownFileType = text.plist.strings; name = en; path = en.lproj/InfoPlist.strings; sourceTree = "<group>"; };
		70E569FB15D836FC00B48AB9 /* CaptionatorTests.h */ = {isa = PBXFileReference; lastKnownFileType = sourcecode.c.h; path = CaptionatorTests.h; sourceTree = "<group>"; };
		70E569FC15D836FC00B48AB9 /* CaptionatorTests.m */ = {isa = PBXFileReference; lastKnownFileType = sourcecode.c.objc; path = CaptionatorTests.m; sourceTree = "<group>"; };
/* End PBXFileReference section */

/* Begin PBXFrameworksBuildPhase section */
		70E569C715D836FB00B48AB9 /* Frameworks */ = {
			isa = PBXFrameworksBuildPhase;
			buildActionMask = 2147483647;
			files = (
				70C75C7C15DCC1D3006A60DD /* QuartzCore.framework in Frameworks */,
				70E569CF15D836FB00B48AB9 /* UIKit.framework in Frameworks */,
				70E569D115D836FB00B48AB9 /* Foundation.framework in Frameworks */,
				70E569D315D836FB00B48AB9 /* CoreGraphics.framework in Frameworks */,
			);
			runOnlyForDeploymentPostprocessing = 0;
		};
		70E569EA15D836FB00B48AB9 /* Frameworks */ = {
			isa = PBXFrameworksBuildPhase;
			buildActionMask = 2147483647;
			files = (
				70E569F015D836FB00B48AB9 /* SenTestingKit.framework in Frameworks */,
				70E569F115D836FB00B48AB9 /* UIKit.framework in Frameworks */,
				70E569F215D836FB00B48AB9 /* Foundation.framework in Frameworks */,
			);
			runOnlyForDeploymentPostprocessing = 0;
		};
/* End PBXFrameworksBuildPhase section */

/* Begin PBXGroup section */
		70E569BF15D836FB00B48AB9 = {
			isa = PBXGroup;
			children = (
				70C75C7B15DCC1D3006A60DD /* QuartzCore.framework */,
				70E569D415D836FB00B48AB9 /* Captionator */,
				70E569F515D836FB00B48AB9 /* CaptionatorTests */,
				70E569CD15D836FB00B48AB9 /* Frameworks */,
				70E569CB15D836FB00B48AB9 /* Products */,
			);
			sourceTree = "<group>";
		};
		70E569CB15D836FB00B48AB9 /* Products */ = {
			isa = PBXGroup;
			children = (
				70E569CA15D836FB00B48AB9 /* Captionator.app */,
				70E569EE15D836FB00B48AB9 /* CaptionatorTests.octest */,
			);
			name = Products;
			sourceTree = "<group>";
		};
		70E569CD15D836FB00B48AB9 /* Frameworks */ = {
			isa = PBXGroup;
			children = (
				70E569CE15D836FB00B48AB9 /* UIKit.framework */,
				70E569D015D836FB00B48AB9 /* Foundation.framework */,
				70E569D215D836FB00B48AB9 /* CoreGraphics.framework */,
				70E569EF15D836FB00B48AB9 /* SenTestingKit.framework */,
			);
			name = Frameworks;
			sourceTree = "<group>";
		};
		70E569D415D836FB00B48AB9 /* Captionator */ = {
			isa = PBXGroup;
			children = (
				70E569DD15D836FB00B48AB9 /* AppDelegate.h */,
				70E569DE15D836FB00B48AB9 /* AppDelegate.m */,
				70E569E015D836FB00B48AB9 /* MainStoryboard_iPhone.storyboard */,
				70E569E315D836FB00B48AB9 /* MainStoryboard_iPad.storyboard */,
				70E569E615D836FB00B48AB9 /* ViewController.h */,
				70E569E715D836FB00B48AB9 /* ViewController.m */,
				70C75C8615DCDFDE006A60DD /* CaptionListController.h */,
				70C75C8715DCDFDE006A60DD /* CaptionListController.m */,
				70C75C8815DCDFDE006A60DD /* CaptionListController.xib */,
				70E569D515D836FB00B48AB9 /* Supporting Files */,
				70C75C7E15DCC4BB006A60DD /* ExtendedLabel.h */,
				70C75C7F15DCC4BB006A60DD /* ExtendedLabel.m */,
				70C75C8115DCDA08006A60DD /* CaptionPreview.h */,
				70C75C8215DCDA08006A60DD /* CaptionPreview.m */,
				70C75C8315DCDA08006A60DD /* CaptionPreview.xib */,
			);
			path = Captionator;
			sourceTree = "<group>";
		};
		70E569D515D836FB00B48AB9 /* Supporting Files */ = {
			isa = PBXGroup;
			children = (
				70E569D615D836FB00B48AB9 /* Captionator-Info.plist */,
				70E569D715D836FB00B48AB9 /* InfoPlist.strings */,
				70E569DA15D836FB00B48AB9 /* main.m */,
				70E569DC15D836FB00B48AB9 /* Captionator-Prefix.pch */,
			);
			name = "Supporting Files";
			sourceTree = "<group>";
		};
		70E569F515D836FB00B48AB9 /* CaptionatorTests */ = {
			isa = PBXGroup;
			children = (
				70E569FB15D836FC00B48AB9 /* CaptionatorTests.h */,
				70E569FC15D836FC00B48AB9 /* CaptionatorTests.m */,
				70E569F615D836FC00B48AB9 /* Supporting Files */,
			);
			path = CaptionatorTests;
			sourceTree = "<group>";
		};
		70E569F615D836FC00B48AB9 /* Supporting Files */ = {
			isa = PBXGroup;
			children = (
				70E569F715D836FC00B48AB9 /* CaptionatorTests-Info.plist */,
				70E569F815D836FC00B48AB9 /* InfoPlist.strings */,
			);
			name = "Supporting Files";
			sourceTree = "<group>";
		};
/* End PBXGroup section */

/* Begin PBXNativeTarget section */
		70E569C915D836FB00B48AB9 /* Captionator */ = {
			isa = PBXNativeTarget;
			buildConfigurationList = 70E56A0015D836FC00B48AB9 /* Build configuration list for PBXNativeTarget "Captionator" */;
			buildPhases = (
				70E569C615D836FB00B48AB9 /* Sources */,
				70E569C715D836FB00B48AB9 /* Frameworks */,
				70E569C815D836FB00B48AB9 /* Resources */,
			);
			buildRules = (
			);
			dependencies = (
			);
			name = Captionator;
			productName = Captionator;
			productReference = 70E569CA15D836FB00B48AB9 /* Captionator.app */;
			productType = "com.apple.product-type.application";
		};
		70E569ED15D836FB00B48AB9 /* CaptionatorTests */ = {
			isa = PBXNativeTarget;
			buildConfigurationList = 70E56A0315D836FC00B48AB9 /* Build configuration list for PBXNativeTarget "CaptionatorTests" */;
			buildPhases = (
				70E569E915D836FB00B48AB9 /* Sources */,
				70E569EA15D836FB00B48AB9 /* Frameworks */,
				70E569EB15D836FB00B48AB9 /* Resources */,
				70E569EC15D836FB00B48AB9 /* ShellScript */,
			);
			buildRules = (
			);
			dependencies = (
				70E569F415D836FB00B48AB9 /* PBXTargetDependency */,
			);
			name = CaptionatorTests;
			productName = CaptionatorTests;
			productReference = 70E569EE15D836FB00B48AB9 /* CaptionatorTests.octest */;
			productType = "com.apple.product-type.bundle";
		};
/* End PBXNativeTarget section */

/* Begin PBXProject section */
		70E569C115D836FB00B48AB9 /* Project object */ = {
			isa = PBXProject;
			attributes = {
				LastUpgradeCheck = 0420;
			};
			buildConfigurationList = 70E569C415D836FB00B48AB9 /* Build configuration list for PBXProject "Captionator" */;
			compatibilityVersion = "Xcode 3.2";
			developmentRegion = English;
			hasScannedForEncodings = 0;
			knownRegions = (
				en,
			);
			mainGroup = 70E569BF15D836FB00B48AB9;
			productRefGroup = 70E569CB15D836FB00B48AB9 /* Products */;
			projectDirPath = "";
			projectRoot = "";
			targets = (
				70E569C915D836FB00B48AB9 /* Captionator */,
				70E569ED15D836FB00B48AB9 /* CaptionatorTests */,
			);
		};
/* End PBXProject section */

/* Begin PBXResourcesBuildPhase section */
		70E569C815D836FB00B48AB9 /* Resources */ = {
			isa = PBXResourcesBuildPhase;
			buildActionMask = 2147483647;
			files = (
				70E569D915D836FB00B48AB9 /* InfoPlist.strings in Resources */,
				70E569E215D836FB00B48AB9 /* MainStoryboard_iPhone.storyboard in Resources */,
				70E569E515D836FB00B48AB9 /* MainStoryboard_iPad.storyboard in Resources */,
				70C75C8515DCDA08006A60DD /* CaptionPreview.xib in Resources */,
				70C75C8A15DCDFDE006A60DD /* CaptionListController.xib in Resources */,
			);
			runOnlyForDeploymentPostprocessing = 0;
		};
		70E569EB15D836FB00B48AB9 /* Resources */ = {
			isa = PBXResourcesBuildPhase;
			buildActionMask = 2147483647;
			files = (
				70E569FA15D836FC00B48AB9 /* InfoPlist.strings in Resources */,
			);
			runOnlyForDeploymentPostprocessing = 0;
		};
/* End PBXResourcesBuildPhase section */

/* Begin PBXShellScriptBuildPhase section */
		70E569EC15D836FB00B48AB9 /* ShellScript */ = {
			isa = PBXShellScriptBuildPhase;
			buildActionMask = 2147483647;
			files = (
			);
			inputPaths = (
			);
			outputPaths = (
			);
			runOnlyForDeploymentPostprocessing = 0;
			shellPath = /bin/sh;
			shellScript = "# Run the unit tests in this test bundle.\n\"${SYSTEM_DEVELOPER_DIR}/Tools/RunUnitTests\"\n";
		};
/* End PBXShellScriptBuildPhase section */

/* Begin PBXSourcesBuildPhase section */
		70E569C615D836FB00B48AB9 /* Sources */ = {
			isa = PBXSourcesBuildPhase;
			buildActionMask = 2147483647;
			files = (
				70E569DB15D836FB00B48AB9 /* main.m in Sources */,
				70E569DF15D836FB00B48AB9 /* AppDelegate.m in Sources */,
				70E569E815D836FB00B48AB9 /* ViewController.m in Sources */,
				70C75C8015DCC4BB006A60DD /* ExtendedLabel.m in Sources */,
				70C75C8415DCDA08006A60DD /* CaptionPreview.m in Sources */,
				70C75C8915DCDFDE006A60DD /* CaptionListController.m in Sources */,
			);
			runOnlyForDeploymentPostprocessing = 0;
		};
		70E569E915D836FB00B48AB9 /* Sources */ = {
			isa = PBXSourcesBuildPhase;
			buildActionMask = 2147483647;
			files = (
				70E569FD15D836FC00B48AB9 /* CaptionatorTests.m in Sources */,
			);
			runOnlyForDeploymentPostprocessing = 0;
		};
/* End PBXSourcesBuildPhase section */

/* Begin PBXTargetDependency section */
		70E569F415D836FB00B48AB9 /* PBXTargetDependency */ = {
			isa = PBXTargetDependency;
			target = 70E569C915D836FB00B48AB9 /* Captionator */;
			targetProxy = 70E569F315D836FB00B48AB9 /* PBXContainerItemProxy */;
		};
/* End PBXTargetDependency section */

/* Begin PBXVariantGroup section */
		70E569D715D836FB00B48AB9 /* InfoPlist.strings */ = {
			isa = PBXVariantGroup;
			children = (
				70E569D815D836FB00B48AB9 /* en */,
			);
			name = InfoPlist.strings;
			sourceTree = "<group>";
		};
		70E569E015D836FB00B48AB9 /* MainStoryboard_iPhone.storyboard */ = {
			isa = PBXVariantGroup;
			children = (
				70E569E115D836FB00B48AB9 /* en */,
			);
			name = MainStoryboard_iPhone.storyboard;
			sourceTree = "<group>";
		};
		70E569E315D836FB00B48AB9 /* MainStoryboard_iPad.storyboard */ = {
			isa = PBXVariantGroup;
			children = (
				70E569E415D836FB00B48AB9 /* en */,
			);
			name = MainStoryboard_iPad.storyboard;
			sourceTree = "<group>";
		};
		70E569F815D836FC00B48AB9 /* InfoPlist.strings */ = {
			isa = PBXVariantGroup;
			children = (
				70E569F915D836FC00B48AB9 /* en */,
			);
			name = InfoPlist.strings;
			sourceTree = "<group>";
		};
/* End PBXVariantGroup section */

/* Begin XCBuildConfiguration section */
		70E569FE15D836FC00B48AB9 /* Debug */ = {
			isa = XCBuildConfiguration;
			buildSettings = {
				ALWAYS_SEARCH_USER_PATHS = NO;
				ARCHS = "$(ARCHS_STANDARD_32_BIT)";
				CLANG_ENABLE_OBJC_ARC = YES;
				"CODE_SIGN_IDENTITY[sdk=iphoneos*]" = "iPhone Developer";
				COPY_PHASE_STRIP = NO;
				GCC_C_LANGUAGE_STANDARD = gnu99;
				GCC_DYNAMIC_NO_PIC = NO;
				GCC_OPTIMIZATION_LEVEL = 0;
				GCC_PREPROCESSOR_DEFINITIONS = (
					"DEBUG=1",
					"$(inherited)",
				);
				GCC_SYMBOLS_PRIVATE_EXTERN = NO;
				GCC_VERSION = com.apple.compilers.llvm.clang.1_0;
				GCC_WARN_ABOUT_MISSING_PROTOTYPES = YES;
				GCC_WARN_ABOUT_RETURN_TYPE = YES;
				GCC_WARN_UNUSED_VARIABLE = YES;
				IPHONEOS_DEPLOYMENT_TARGET = 5.0;
				SDKROOT = iphoneos;
				TARGETED_DEVICE_FAMILY = "1,2";
			};
			name = Debug;
		};
		70E569FF15D836FC00B48AB9 /* Release */ = {
			isa = XCBuildConfiguration;
			buildSettings = {
				ALWAYS_SEARCH_USER_PATHS = NO;
				ARCHS = "$(ARCHS_STANDARD_32_BIT)";
				CLANG_ENABLE_OBJC_ARC = YES;
				"CODE_SIGN_IDENTITY[sdk=iphoneos*]" = "iPhone Developer";
				COPY_PHASE_STRIP = YES;
				GCC_C_LANGUAGE_STANDARD = gnu99;
				GCC_VERSION = com.apple.compilers.llvm.clang.1_0;
				GCC_WARN_ABOUT_MISSING_PROTOTYPES = YES;
				GCC_WARN_ABOUT_RETURN_TYPE = YES;
				GCC_WARN_UNUSED_VARIABLE = YES;
				IPHONEOS_DEPLOYMENT_TARGET = 5.0;
				OTHER_CFLAGS = "-DNS_BLOCK_ASSERTIONS=1";
				SDKROOT = iphoneos;
				TARGETED_DEVICE_FAMILY = "1,2";
				VALIDATE_PRODUCT = YES;
			};
			name = Release;
		};
		70E56A0115D836FC00B48AB9 /* Debug */ = {
			isa = XCBuildConfiguration;
			buildSettings = {
				GCC_PRECOMPILE_PREFIX_HEADER = YES;
				GCC_PREFIX_HEADER = "Captionator/Captionator-Prefix.pch";
				INFOPLIST_FILE = "Captionator/Captionator-Info.plist";
				PRODUCT_NAME = "$(TARGET_NAME)";
				WRAPPER_EXTENSION = app;
			};
			name = Debug;
		};
		70E56A0215D836FC00B48AB9 /* Release */ = {
			isa = XCBuildConfiguration;
			buildSettings = {
				GCC_PRECOMPILE_PREFIX_HEADER = YES;
				GCC_PREFIX_HEADER = "Captionator/Captionator-Prefix.pch";
				INFOPLIST_FILE = "Captionator/Captionator-Info.plist";
				PRODUCT_NAME = "$(TARGET_NAME)";
				WRAPPER_EXTENSION = app;
			};
			name = Release;
		};
		70E56A0415D836FC00B48AB9 /* Debug */ = {
			isa = XCBuildConfiguration;
			buildSettings = {
				BUNDLE_LOADER = "$(BUILT_PRODUCTS_DIR)/Captionator.app/Captionator";
				FRAMEWORK_SEARCH_PATHS = (
					"$(SDKROOT)/Developer/Library/Frameworks",
					"$(DEVELOPER_LIBRARY_DIR)/Frameworks",
				);
				GCC_PRECOMPILE_PREFIX_HEADER = YES;
				GCC_PREFIX_HEADER = "Captionator/Captionator-Prefix.pch";
				INFOPLIST_FILE = "CaptionatorTests/CaptionatorTests-Info.plist";
				PRODUCT_NAME = "$(TARGET_NAME)";
				TEST_HOST = "$(BUNDLE_LOADER)";
				WRAPPER_EXTENSION = octest;
			};
			name = Debug;
		};
		70E56A0515D836FC00B48AB9 /* Release */ = {
			isa = XCBuildConfiguration;
			buildSettings = {
				BUNDLE_LOADER = "$(BUILT_PRODUCTS_DIR)/Captionator.app/Captionator";
				FRAMEWORK_SEARCH_PATHS = (
					"$(SDKROOT)/Developer/Library/Frameworks",
					"$(DEVELOPER_LIBRARY_DIR)/Frameworks",
				);
				GCC_PRECOMPILE_PREFIX_HEADER = YES;
				GCC_PREFIX_HEADER = "Captionator/Captionator-Prefix.pch";
				INFOPLIST_FILE = "CaptionatorTests/CaptionatorTests-Info.plist";
				PRODUCT_NAME = "$(TARGET_NAME)";
				TEST_HOST = "$(BUNDLE_LOADER)";
				WRAPPER_EXTENSION = octest;
			};
			name = Release;
		};
/* End XCBuildConfiguration section */

/* Begin XCConfigurationList section */
		70E569C415D836FB00B48AB9 /* Build configuration list for PBXProject "Captionator" */ = {
			isa = XCConfigurationList;
			buildConfigurations = (
				70E569FE15D836FC00B48AB9 /* Debug */,
				70E569FF15D836FC00B48AB9 /* Release */,
			);
			defaultConfigurationIsVisible = 0;
			defaultConfigurationName = Release;
		};
		70E56A0015D836FC00B48AB9 /* Build configuration list for PBXNativeTarget "Captionator" */ = {
			isa = XCConfigurationList;
			buildConfigurations = (
				70E56A0115D836FC00B48AB9 /* Debug */,
				70E56A0215D836FC00B48AB9 /* Release */,
			);
			defaultConfigurationIsVisible = 0;
			defaultConfigurationName = Release;
		};
		70E56A0315D836FC00B48AB9 /* Build configuration list for PBXNativeTarget "CaptionatorTests" */ = {
			isa = XCConfigurationList;
			buildConfigurations = (
				70E56A0415D836FC00B48AB9 /* Debug */,
				70E56A0515D836FC00B48AB9 /* Release */,
			);
			defaultConfigurationIsVisible = 0;
			defaultConfigurationName = Release;
		};
/* End XCConfigurationList section */
	};
	rootObject = 70E569C115D836FB00B48AB9 /* Project object */;
}
